// !$*UTF8*$!
{
	archiveVersion = 1;
	classes = {
	};
	objectVersion = 46;
	objects = {

/* Begin PBXBuildFile section */
		29FDCEBD1CD34D17004B2752 /* AppDelegate.swift in Sources */ = {isa = PBXBuildFile; fileRef = 29FDCEBC1CD34D17004B2752 /* AppDelegate.swift */; };
		29FDCEBF1CD34D17004B2752 /* ViewController.swift in Sources */ = {isa = PBXBuildFile; fileRef = 29FDCEBE1CD34D17004B2752 /* ViewController.swift */; };
		29FDCEC21CD34D17004B2752 /* Main.storyboard in Resources */ = {isa = PBXBuildFile; fileRef = 29FDCEC01CD34D17004B2752 /* Main.storyboard */; };
		29FDCEC41CD34D17004B2752 /* Assets.xcassets in Resources */ = {isa = PBXBuildFile; fileRef = 29FDCEC31CD34D17004B2752 /* Assets.xcassets */; };
		29FDCEC71CD34D17004B2752 /* LaunchScreen.storyboard in Resources */ = {isa = PBXBuildFile; fileRef = 29FDCEC51CD34D17004B2752 /* LaunchScreen.storyboard */; };
		29FDCECF1CD34FF6004B2752 /* ResultViewController.swift in Sources */ = {isa = PBXBuildFile; fileRef = 29FDCECE1CD34FF6004B2752 /* ResultViewController.swift */; };
/* End PBXBuildFile section */

/* Begin PBXFileReference section */
		29FDCEB91CD34D17004B2752 /* SecondKadaiApp.app */ = {isa = PBXFileReference; explicitFileType = wrapper.application; includeInIndex = 0; path = SecondKadaiApp.app; sourceTree = BUILT_PRODUCTS_DIR; };
		29FDCEBC1CD34D17004B2752 /* AppDelegate.swift */ = {isa = PBXFileReference; lastKnownFileType = sourcecode.swift; path = AppDelegate.swift; sourceTree = "<group>"; };
		29FDCEBE1CD34D17004B2752 /* ViewController.swift */ = {isa = PBXFileReference; lastKnownFileType = sourcecode.swift; path = ViewController.swift; sourceTree = "<group>"; };
		29FDCEC11CD34D17004B2752 /* Base */ = {isa = PBXFileReference; lastKnownFileType = file.storyboard; name = Base; path = Base.lproj/Main.storyboard; sourceTree = "<group>"; };
		29FDCEC31CD34D17004B2752 /* Assets.xcassets */ = {isa = PBXFileReference; lastKnownFileType = folder.assetcatalog; path = Assets.xcassets; sourceTree = "<group>"; };
		29FDCEC61CD34D17004B2752 /* Base */ = {isa = PBXFileReference; lastKnownFileType = file.storyboard; name = Base; path = Base.lproj/LaunchScreen.storyboard; sourceTree = "<group>"; };
		29FDCEC81CD34D17004B2752 /* Info.plist */ = {isa = PBXFileReference; lastKnownFileType = text.plist.xml; path = Info.plist; sourceTree = "<group>"; };
		29FDCECE1CD34FF6004B2752 /* ResultViewController.swift */ = {isa = PBXFileReference; fileEncoding = 4; lastKnownFileType = sourcecode.swift; path = ResultViewController.swift; sourceTree = "<group>"; };
/* End PBXFileReference section */

/* Begin PBXFrameworksBuildPhase section */
		29FDCEB61CD34D17004B2752 /* Frameworks */ = {
			isa = PBXFrameworksBuildPhase;
			buildActionMask = 2147483647;
			files = (
			);
			runOnlyForDeploymentPostprocessing = 0;
		};
/* End PBXFrameworksBuildPhase section */

/* Begin PBXGroup section */
		29FDCEB01CD34D17004B2752 = {
			isa = PBXGroup;
			children = (
				29FDCEBB1CD34D17004B2752 /* SecondKadaiApp */,
				29FDCEBA1CD34D17004B2752 /* Products */,
			);
			sourceTree = "<group>";
		};
		29FDCEBA1CD34D17004B2752 /* Products */ = {
			isa = PBXGroup;
			children = (
				29FDCEB91CD34D17004B2752 /* SecondKadaiApp.app */,
			);
			name = Products;
			sourceTree = "<group>";
		};
		29FDCEBB1CD34D17004B2752 /* SecondKadaiApp */ = {
			isa = PBXGroup;
			children = (
				29FDCEBC1CD34D17004B2752 /* AppDelegate.swift */,
				29FDCEBE1CD34D17004B2752 /* ViewController.swift */,
				29FDCEC01CD34D17004B2752 /* Main.storyboard */,
				29FDCECE1CD34FF6004B2752 /* ResultViewController.swift */,
				29FDCEC31CD34D17004B2752 /* Assets.xcassets */,
				29FDCEC51CD34D17004B2752 /* LaunchScreen.storyboard */,
				29FDCEC81CD34D17004B2752 /* Info.plist */,
			);
			path = SecondKadaiApp;
			sourceTree = "<group>";
		};
/* End PBXGroup section */

/* Begin PBXNativeTarget section */
		29FDCEB81CD34D17004B2752 /* SecondKadaiApp */ = {
			isa = PBXNativeTarget;
			buildConfigurationList = 29FDCECB1CD34D17004B2752 /* Build configuration list for PBXNativeTarget "SecondKadaiApp" */;
			buildPhases = (
				29FDCEB51CD34D17004B2752 /* Sources */,
				29FDCEB61CD34D17004B2752 /* Frameworks */,
				29FDCEB71CD34D17004B2752 /* Resources */,
			);
			buildRules = (
			);
			dependencies = (
			);
			name = SecondKadaiApp;
			productName = SecondKadaiApp;
			productReference = 29FDCEB91CD34D17004B2752 /* SecondKadaiApp.app */;
			productType = "com.apple.product-type.application";
		};
/* End PBXNativeTarget section */

/* Begin PBXProject section */
		29FDCEB11CD34D17004B2752 /* Project object */ = {
			isa = PBXProject;
			attributes = {
				LastSwiftUpdateCheck = 0730;
				LastUpgradeCheck = 0730;
				ORGANIZATIONNAME = shogo.okumura;
				TargetAttributes = {
					29FDCEB81CD34D17004B2752 = {
						CreatedOnToolsVersion = 7.3;
						DevelopmentTeam = W7PG7SP597;
					};
				};
			};
			buildConfigurationList = 29FDCEB41CD34D17004B2752 /* Build configuration list for PBXProject "SecondKadaiApp" */;
			compatibilityVersion = "Xcode 3.2";
			developmentRegion = English;
			hasScannedForEncodings = 0;
			knownRegions = (
				en,
				Base,
			);
			mainGroup = 29FDCEB01CD34D17004B2752;
			productRefGroup = 29FDCEBA1CD34D17004B2752 /* Products */;
			projectDirPath = "";
			projectRoot = "";
			targets = (
				29FDCEB81CD34D17004B2752 /* SecondKadaiApp */,
			);
		};
/* End PBXProject section */

/* Begin PBXResourcesBuildPhase section */
		29FDCEB71CD34D17004B2752 /* Resources */ = {
			isa = PBXResourcesBuildPhase;
			buildActionMask = 2147483647;
			files = (
				29FDCEC71CD34D17004B2752 /* LaunchScreen.storyboard in Resources */,
				29FDCEC41CD34D17004B2752 /* Assets.xcassets in Resources */,
				29FDCEC21CD34D17004B2752 /* Main.storyboard in Resources */,
			);
			runOnlyForDeploymentPostprocessing = 0;
		};
/* End PBXResourcesBuildPhase section */

/* Begin PBXSourcesBuildPhase section */
		29FDCEB51CD34D17004B2752 /* Sources */ = {
			isa = PBXSourcesBuildPhase;
			buildActionMask = 2147483647;
			files = (
				29FDCEBF1CD34D17004B2752 /* ViewController.swift in Sources */,
				29FDCEBD1CD34D17004B2752 /* AppDelegate.swift in Sources */,
				29FDCECF1CD34FF6004B2752 /* ResultViewController.swift in Sources */,
			);
			runOnlyForDeploymentPostprocessing = 0;
		};
/* End PBXSourcesBuildPhase section */

/* Begin PBXVariantGroup section */
		29FDCEC01CD34D17004B2752 /* Main.storyboard */ = {
			isa = PBXVariantGroup;
			children = (
				29FDCEC11CD34D17004B2752 /* Base */,
			);
			name = Main.storyboard;
			sourceTree = "<group>";
		};
		29FDCEC51CD34D17004B2752 /* LaunchScreen.storyboard */ = {
			isa = PBXVariantGroup;
			children = (
				29FDCEC61CD34D17004B2752 /* Base */,
			);
			name = LaunchScreen.storyboard;
			sourceTree = "<group>";
		};
/* End PBXVariantGroup section */

/* Begin XCBuildConfiguration section */
		29FDCEC91CD34D17004B2752 /* Debug */ = {
			isa = XCBuildConfiguration;
			buildSettings = {
				ALWAYS_SEARCH_USER_PATHS = NO;
				CLANG_ANALYZER_NONNULL = YES;
				CLANG_CXX_LANGUAGE_STANDARD = "gnu++0x";
				CLANG_CXX_LIBRARY = "libc++";
				CLANG_ENABLE_MODULES = YES;
				CLANG_ENABLE_OBJC_ARC = YES;
				CLANG_WARN_BOOL_CONVERSION = YES;
				CLANG_WARN_CONSTANT_CONVERSION = YES;
				CLANG_WARN_DIRECT_OBJC_ISA_USAGE = YES_ERROR;
				CLANG_WARN_EMPTY_BODY = YES;
				CLANG_WARN_ENUM_CONVERSION = YES;
				CLANG_WARN_INT_CONVERSION = YES;
				CLANG_WARN_OBJC_ROOT_CLASS = YES_ERROR;
				CLANG_WARN_UNREACHABLE_CODE = YES;
				CLANG_WARN__DUPLICATE_METHOD_MATCH = YES;
				"CODE_SIGN_IDENTITY[sdk=iphoneos*]" = "iPhone Developer";
				COPY_PHASE_STRIP = NO;
				DEBUG_INFORMATION_FORMAT = dwarf;
				ENABLE_STRICT_OBJC_MSGSEND = YES;
				ENABLE_TESTABILITY = YES;
				GCC_C_LANGUAGE_STANDARD = gnu99;
				GCC_DYNAMIC_NO_PIC = NO;
				GCC_NO_COMMON_BLOCKS = YES;
				GCC_OPTIMIZATION_LEVEL = 0;
				GCC_PREPROCESSOR_DEFINITIONS = (
					"DEBUG=1",
					"$(inherited)",
				);
				GCC_WARN_64_TO_32_BIT_CONVERSION = YES;
				GCC_WARN_ABOUT_RETURN_TYPE = YES_ERROR;
				GCC_WARN_UNDECLARED_SELECTOR = YES;
				GCC_WARN_UNINITIALIZED_AUTOS = YES_AGGRESSIVE;
				GCC_WARN_UNUSED_FUNCTION = YES;
				GCC_WARN_UNUSED_VARIABLE = YES;
				IPHONEOS_DEPLOYMENT_TARGET = 9.3;
				MTL_ENABLE_DEBUG_INFO = YES;
				ONLY_ACTIVE_ARCH = YES;
				SDKROOT = iphoneos;
				SWIFT_OPTIMIZATION_LEVEL = "-Onone";
			};
			name = Debug;
		};
		29FDCECA1CD34D17004B2752 /* Release */ = {
			isa = XCBuildConfiguration;
			buildSettings = {
				ALWAYS_SEARCH_USER_PATHS = NO;
				CLANG_ANALYZER_NONNULL = YES;
				CLANG_CXX_LANGUAGE_STANDARD = "gnu++0x";
				CLANG_CXX_LIBRARY = "libc++";
				CLANG_ENABLE_MODULES = YES;
				CLANG_ENABLE_OBJC_ARC = YES;
				CLANG_WARN_BOOL_CONVERSION = YES;
				CLANG_WARN_CONSTANT_CONVERSION = YES;
				CLANG_WARN_DIRECT_OBJC_ISA_USAGE = YES_ERROR;
				CLANG_WARN_EMPTY_BODY = YES;
				CLANG_WARN_ENUM_CONVERSION = YES;
				CLANG_WARN_INT_CONVERSION = YES;
				CLANG_WARN_OBJC_ROOT_CLASS = YES_ERROR;
				CLANG_WARN_UNREACHABLE_CODE = YES;
				CLANG_WARN__DUPLICATE_METHOD_MATCH = YES;
				"CODE_SIGN_IDENTITY[sdk=iphoneos*]" = "iPhone Developer";
				COPY_PHASE_STRIP = NO;
				DEBUG_INFORMATION_FORMAT = "dwarf-with-dsym";
				ENABLE_NS_ASSERTIONS = NO;
				ENABLE_STRICT_OBJC_MSGSEND = YES;
				GCC_C_LANGUAGE_STANDARD = gnu99;
				GCC_NO_COMMON_BLOCKS = YES;
				GCC_WARN_64_TO_32_BIT_CONVERSION = YES;
				GCC_WARN_ABOUT_RETURN_TYPE = YES_ERROR;
				GCC_WARN_UNDECLARED_SELECTOR = YES;
				GCC_WARN_UNINITIALIZED_AUTOS = YES_AGGRESSIVE;
				GCC_WARN_UNUSED_FUNCTION = YES;
				GCC_WARN_UNUSED_VARIABLE = YES;
				IPHONEOS_DEPLOYMENT_TARGET = 9.3;
				MTL_ENABLE_DEBUG_INFO = NO;
				SDKROOT = iphoneos;
				VALIDATE_PRODUCT = YES;
			};
			name = Release;
		};
		29FDCECC1CD34D17004B2752 /* Debug */ = {
			isa = XCBuildConfiguration;
			buildSettings = {
				ASSETCATALOG_COMPILER_APPICON_NAME = AppIcon;
				CODE_SIGN_IDENTITY = "iPhone Developer";
				"CODE_SIGN_IDENTITY[sdk=iphoneos*]" = "iPhone Developer";
				INFOPLIST_FILE = SecondKadaiApp/Info.plist;
				LD_RUNPATH_SEARCH_PATHS = "$(inherited) @executable_path/Frameworks";
				PRODUCT_BUNDLE_IDENTIFIER = jp.techacademy.shogo.okumura.SecondKadaiApp;
				PRODUCT_NAME = "$(TARGET_NAME)";
				PROVISIONING_PROFILE = "";
			};
			name = Debug;
		};
		29FDCECD1CD34D17004B2752 /* Release */ = {
			isa = XCBuildConfiguration;
			buildSettings = {
				ASSETCATALOG_COMPILER_APPICON_NAME = AppIcon;
				CODE_SIGN_IDENTITY = "iPhone Developer";
				"CODE_SIGN_IDENTITY[sdk=iphoneos*]" = "iPhone Developer";
				INFOPLIST_FILE = SecondKadaiApp/Info.plist;
				LD_RUNPATH_SEARCH_PATHS = "$(inherited) @executable_path/Frameworks";
				PRODUCT_BUNDLE_IDENTIFIER = jp.techacademy.shogo.okumura.SecondKadaiApp;
				PRODUCT_NAME = "$(TARGET_NAME)";
				PROVISIONING_PROFILE = "";
			};
			name = Release;
		};
/* End XCBuildConfiguration section */

/* Begin XCConfigurationList section */
		29FDCEB41CD34D17004B2752 /* Build configuration list for PBXProject "SecondKadaiApp" */ = {
			isa = XCConfigurationList;
			buildConfigurations = (
				29FDCEC91CD34D17004B2752 /* Debug */,
				29FDCECA1CD34D17004B2752 /* Release */,
			);
			defaultConfigurationIsVisible = 0;
			defaultConfigurationName = Release;
		};
		29FDCECB1CD34D17004B2752 /* Build configuration list for PBXNativeTarget "SecondKadaiApp" */ = {
			isa = XCConfigurationList;
			buildConfigurations = (
				29FDCECC1CD34D17004B2752 /* Debug */,
				29FDCECD1CD34D17004B2752 /* Release */,
			);
			defaultConfigurationIsVisible = 0;
		};
/* End XCConfigurationList section */
	};
	rootObject = 29FDCEB11CD34D17004B2752 /* Project object */;
}
